
Microsoft Visual Studio Solution File, Format Version 12.00
# Visual Studio Version 17
VisualStudioVersion = 17.3.32825.248
MinimumVisualStudioVersion = 10.0.40219.1
Project("{FAE04EC0-301F-11D3-BF4B-00C04F79EFBC}") = "Homework_36", "Homework_36\Homework_36.csproj", "{50513BFB-9947-49CA-897C-C62D161C7018}"
EndProject
Global
	GlobalSection(SolutionConfigurationPlatforms) = preSolution
		Debug|Any CPU = Debug|Any CPU
		Release|Any CPU = Release|Any CPU
	EndGlobalSection
	GlobalSection(ProjectConfigurationPlatforms) = postSolution
		{50513BFB-9947-49CA-897C-C62D161C7018}.Debug|Any CPU.ActiveCfg = Debug|Any CPU
		{50513BFB-9947-49CA-897C-C62D161C7018}.Debug|Any CPU.Build.0 = Debug|Any CPU
		{50513BFB-9947-49CA-897C-C62D161C7018}.Release|Any CPU.ActiveCfg = Release|Any CPU
		{50513BFB-9947-49CA-897C-C62D161C7018}.Release|Any CPU.Build.0 = Release|Any CPU
	EndGlobalSection
	GlobalSection(SolutionProperties) = preSolution
		HideSolutionNode = FALSE
	EndGlobalSection
	GlobalSection(ExtensibilityGlobals) = postSolution
		SolutionGuid = {A82A0AF2-2ACF-4FFA-9519-5A4EAFF0CC7D}
	EndGlobalSection
EndGlobal
